# This file was autogenerated by uv via the following command:
#    uv pip compile pyproject.toml --extra playwright --extra pillow --python-version 3.13 --output-file requirements.lock
certifi==2026.6.17
    # via requests
charset-normalizer==3.4.9
    # via requests
greenlet==3.5.3
    # via playwright
idna==3.18
    # via requests
pillow==12.3.0
    # via hh-applicant-tool (pyproject.toml)
playwright==1.61.0
    # via hh-applicant-tool (pyproject.toml)
prettytable==3.18.0
    # via hh-applicant-tool (pyproject.toml)
pyee==13.0.1
    # via playwright
pysocks==1.7.1
    # via requests
requests==2.34.2
    # via hh-applicant-tool (pyproject.toml)
typing-extensions==4.16.0
    # via pyee
urllib3==2.7.0
    # via requests
wcwidth==0.8.2
    # via prettytable
